
Microsoft Visual Studio Solution File, Format Version 11.00
# Visual Studio 2010
Project("{FAE04EC0-301F-11D3-BF4B-00C04F79EFBC}") = "Assembly-CSharp", "Assembly-CSharp.csproj", "{F47DFE73-0497-C7BB-6643-85F762E87452}"
EndProject
Project("{FAE04EC0-301F-11D3-BF4B-00C04F79EFBC}") = "Assembly-CSharp-Editor", "Assembly-CSharp-Editor.csproj", "{B17FC46B-8E80-6090-5C9D-3903AD3D008B}"
EndProject
Global
	GlobalSection(SolutionConfigurationPlatforms) = preSolution
		Debug|Any CPU = Debug|Any CPU
		Release|Any CPU = Release|Any CPU
	EndGlobalSection
	GlobalSection(ProjectConfigurationPlatforms) = postSolution
		{F47DFE73-0497-C7BB-6643-85F762E87452}.Debug|Any CPU.ActiveCfg = Debug|Any CPU
		{F47DFE73-0497-C7BB-6643-85F762E87452}.Debug|Any CPU.Build.0 = Debug|Any CPU
		{F47DFE73-0497-C7BB-6643-85F762E87452}.Release|Any CPU.ActiveCfg = Release|Any CPU
		{F47DFE73-0497-C7BB-6643-85F762E87452}.Release|Any CPU.Build.0 = Release|Any CPU
		{B17FC46B-8E80-6090-5C9D-3903AD3D008B}.Debug|Any CPU.ActiveCfg = Debug|Any CPU
		{B17FC46B-8E80-6090-5C9D-3903AD3D008B}.Debug|Any CPU.Build.0 = Debug|Any CPU
		{B17FC46B-8E80-6090-5C9D-3903AD3D008B}.Release|Any CPU.ActiveCfg = Release|Any CPU
		{B17FC46B-8E80-6090-5C9D-3903AD3D008B}.Release|Any CPU.Build.0 = Release|Any CPU
	EndGlobalSection
	GlobalSection(SolutionProperties) = preSolution
		HideSolutionNode = FALSE
	EndGlobalSection
EndGlobal
