
Microsoft Visual Studio Solution File, Format Version 11.00
# Visual Studio 2010
Project("{FAE04EC0-301F-11D3-BF4B-00C04F79EFBC}") = "Assembly-CSharp", "Assembly-CSharp.csproj", "{3039CFA9-126B-6E7C-D37B-A58EA2C1D230}"
EndProject
Project("{FAE04EC0-301F-11D3-BF4B-00C04F79EFBC}") = "Assembly-CSharp-Editor", "Assembly-CSharp-Editor.csproj", "{981166B8-2FB2-BCC1-F8BC-8DB02B6C070B}"
EndProject
Global
	GlobalSection(SolutionConfigurationPlatforms) = preSolution
		Debug|Any CPU = Debug|Any CPU
		Release|Any CPU = Release|Any CPU
	EndGlobalSection
	GlobalSection(ProjectConfigurationPlatforms) = postSolution
		{3039CFA9-126B-6E7C-D37B-A58EA2C1D230}.Debug|Any CPU.ActiveCfg = Debug|Any CPU
		{3039CFA9-126B-6E7C-D37B-A58EA2C1D230}.Debug|Any CPU.Build.0 = Debug|Any CPU
		{3039CFA9-126B-6E7C-D37B-A58EA2C1D230}.Release|Any CPU.ActiveCfg = Release|Any CPU
		{3039CFA9-126B-6E7C-D37B-A58EA2C1D230}.Release|Any CPU.Build.0 = Release|Any CPU
		{981166B8-2FB2-BCC1-F8BC-8DB02B6C070B}.Debug|Any CPU.ActiveCfg = Debug|Any CPU
		{981166B8-2FB2-BCC1-F8BC-8DB02B6C070B}.Debug|Any CPU.Build.0 = Debug|Any CPU
		{981166B8-2FB2-BCC1-F8BC-8DB02B6C070B}.Release|Any CPU.ActiveCfg = Release|Any CPU
		{981166B8-2FB2-BCC1-F8BC-8DB02B6C070B}.Release|Any CPU.Build.0 = Release|Any CPU
	EndGlobalSection
	GlobalSection(SolutionProperties) = preSolution
		HideSolutionNode = FALSE
	EndGlobalSection
EndGlobal
